// !$*UTF8*$!
{
	archiveVersion = 1;
	classes = {
	};
	objectVersion = 50;
	objects = {

/* Begin PBXBuildFile section */
		6D05D931210609C800E9EF2E /* AppDelegate.swift in Sources */ = {isa = PBXBuildFile; fileRef = 6D05D930210609C800E9EF2E /* AppDelegate.swift */; };
		6D05D933210609C800E9EF2E /* ViewController.swift in Sources */ = {isa = PBXBuildFile; fileRef = 6D05D932210609C800E9EF2E /* ViewController.swift */; };
		6D05D936210609C800E9EF2E /* Main.storyboard in Resources */ = {isa = PBXBuildFile; fileRef = 6D05D934210609C800E9EF2E /* Main.storyboard */; };
		6D05D938210609CA00E9EF2E /* Assets.xcassets in Resources */ = {isa = PBXBuildFile; fileRef = 6D05D937210609CA00E9EF2E /* Assets.xcassets */; };
		6D05D93B210609CA00E9EF2E /* LaunchScreen.storyboard in Resources */ = {isa = PBXBuildFile; fileRef = 6D05D939210609CA00E9EF2E /* LaunchScreen.storyboard */; };
		6D0EEBC8218763E900F7A487 /* Concentration.swift in Sources */ = {isa = PBXBuildFile; fileRef = 6D0EEBC7218763E900F7A487 /* Concentration.swift */; };
		6D0EEBCA21877E3C00F7A487 /* Card.swift in Sources */ = {isa = PBXBuildFile; fileRef = 6D0EEBC921877E3C00F7A487 /* Card.swift */; };
		6DC58E1E21F12A9400CEEDB2 /* Concentration.swift in Sources */ = {isa = PBXBuildFile; fileRef = 6DC58E1D21F12A9400CEEDB2 /* Concentration.swift */; };
/* End PBXBuildFile section */

/* Begin PBXFileReference section */
		6D05D92D210609C800E9EF2E /* Concentration.app */ = {isa = PBXFileReference; explicitFileType = wrapper.application; includeInIndex = 0; path = Concentration.app; sourceTree = BUILT_PRODUCTS_DIR; };
		6D05D930210609C800E9EF2E /* AppDelegate.swift */ = {isa = PBXFileReference; lastKnownFileType = sourcecode.swift; path = AppDelegate.swift; sourceTree = "<group>"; };
		6D05D932210609C800E9EF2E /* ViewController.swift */ = {isa = PBXFileReference; lastKnownFileType = sourcecode.swift; path = ViewController.swift; sourceTree = "<group>"; };
		6D05D935210609C800E9EF2E /* Base */ = {isa = PBXFileReference; lastKnownFileType = file.storyboard; name = Base; path = Base.lproj/Main.storyboard; sourceTree = "<group>"; };
		6D05D937210609CA00E9EF2E /* Assets.xcassets */ = {isa = PBXFileReference; lastKnownFileType = folder.assetcatalog; path = Assets.xcassets; sourceTree = "<group>"; };
		6D05D93A210609CA00E9EF2E /* Base */ = {isa = PBXFileReference; lastKnownFileType = file.storyboard; name = Base; path = Base.lproj/LaunchScreen.storyboard; sourceTree = "<group>"; };
		6D05D93C210609CA00E9EF2E /* Info.plist */ = {isa = PBXFileReference; lastKnownFileType = text.plist.xml; path = Info.plist; sourceTree = "<group>"; };
		6D0EEBC7218763E900F7A487 /* Concentration.swift */ = {isa = PBXFileReference; lastKnownFileType = sourcecode.swift; name = Concentration.swift; path = Concentration/Concentration.swift; sourceTree = "<group>"; };
		6D0EEBC921877E3C00F7A487 /* Card.swift */ = {isa = PBXFileReference; lastKnownFileType = sourcecode.swift; name = Card.swift; path = Concentration/Card.swift; sourceTree = "<group>"; };
		6DC58E1D21F12A9400CEEDB2 /* Concentration.swift */ = {isa = PBXFileReference; lastKnownFileType = sourcecode.swift; path = Concentration.swift; sourceTree = "<group>"; };
/* End PBXFileReference section */

/* Begin PBXFrameworksBuildPhase section */
		6D05D92A210609C800E9EF2E /* Frameworks */ = {
			isa = PBXFrameworksBuildPhase;
			buildActionMask = 2147483647;
			files = (
			);
			runOnlyForDeploymentPostprocessing = 0;
		};
/* End PBXFrameworksBuildPhase section */

/* Begin PBXGroup section */
		6D05D924210609C800E9EF2E = {
			isa = PBXGroup;
			children = (
				6D0EEBC7218763E900F7A487 /* Concentration.swift */,
				6D0EEBC921877E3C00F7A487 /* Card.swift */,
				6D05D92F210609C800E9EF2E /* Concentration */,
				6D05D92E210609C800E9EF2E /* Products */,
			);
			sourceTree = "<group>";
		};
		6D05D92E210609C800E9EF2E /* Products */ = {
			isa = PBXGroup;
			children = (
				6D05D92D210609C800E9EF2E /* Concentration.app */,
			);
			name = Products;
			sourceTree = "<group>";
		};
		6D05D92F210609C800E9EF2E /* Concentration */ = {
			isa = PBXGroup;
			children = (
				6DC58E1D21F12A9400CEEDB2 /* Concentration.swift */,
				6D05D932210609C800E9EF2E /* ViewController.swift */,
				6D05D934210609C800E9EF2E /* Main.storyboard */,
				6D05D942210609F300E9EF2E /* Supporting Files */,
				6D05D93C210609CA00E9EF2E /* Info.plist */,
			);
			path = Concentration;
			sourceTree = "<group>";
		};
		6D05D942210609F300E9EF2E /* Supporting Files */ = {
			isa = PBXGroup;
			children = (
				6D05D930210609C800E9EF2E /* AppDelegate.swift */,
				6D05D937210609CA00E9EF2E /* Assets.xcassets */,
				6D05D939210609CA00E9EF2E /* LaunchScreen.storyboard */,
			);
			path = "Supporting Files";
			sourceTree = "<group>";
		};
/* End PBXGroup section */

/* Begin PBXNativeTarget section */
		6D05D92C210609C800E9EF2E /* Concentration */ = {
			isa = PBXNativeTarget;
			buildConfigurationList = 6D05D93F210609CA00E9EF2E /* Build configuration list for PBXNativeTarget "Concentration" */;
			buildPhases = (
				6D05D929210609C800E9EF2E /* Sources */,
				6D05D92A210609C800E9EF2E /* Frameworks */,
				6D05D92B210609C800E9EF2E /* Resources */,
			);
			buildRules = (
			);
			dependencies = (
			);
			name = Concentration;
			productName = Concentration;
			productReference = 6D05D92D210609C800E9EF2E /* Concentration.app */;
			productType = "com.apple.product-type.application";
		};
/* End PBXNativeTarget section */

/* Begin PBXProject section */
		6D05D925210609C800E9EF2E /* Project object */ = {
			isa = PBXProject;
			attributes = {
				LastSwiftUpdateCheck = 0940;
				LastUpgradeCheck = 0940;
				ORGANIZATIONNAME = "Anshul Garg";
				TargetAttributes = {
					6D05D92C210609C800E9EF2E = {
						CreatedOnToolsVersion = 9.4.1;
						LastSwiftMigration = 1000;
					};
				};
			};
			buildConfigurationList = 6D05D928210609C800E9EF2E /* Build configuration list for PBXProject "Concentration" */;
			compatibilityVersion = "Xcode 9.3";
			developmentRegion = en;
			hasScannedForEncodings = 0;
			knownRegions = (
				en,
				Base,
			);
			mainGroup = 6D05D924210609C800E9EF2E;
			productRefGroup = 6D05D92E210609C800E9EF2E /* Products */;
			projectDirPath = "";
			projectRoot = "";
			targets = (
				6D05D92C210609C800E9EF2E /* Concentration */,
			);
		};
/* End PBXProject section */

/* Begin PBXResourcesBuildPhase section */
		6D05D92B210609C800E9EF2E /* Resources */ = {
			isa = PBXResourcesBuildPhase;
			buildActionMask = 2147483647;
			files = (
				6D05D93B210609CA00E9EF2E /* LaunchScreen.storyboard in Resources */,
				6D05D938210609CA00E9EF2E /* Assets.xcassets in Resources */,
				6D05D936210609C800E9EF2E /* Main.storyboard in Resources */,
			);
			runOnlyForDeploymentPostprocessing = 0;
		};
/* End PBXResourcesBuildPhase section */

/* Begin PBXSourcesBuildPhase section */
		6D05D929210609C800E9EF2E /* Sources */ = {
			isa = PBXSourcesBuildPhase;
			buildActionMask = 2147483647;
			files = (
				6D05D933210609C800E9EF2E /* ViewController.swift in Sources */,
				6DC58E1E21F12A9400CEEDB2 /* Concentration.swift in Sources */,
				6D05D931210609C800E9EF2E /* AppDelegate.swift in Sources */,
				6D0EEBC8218763E900F7A487 /* Concentration.swift in Sources */,
				6D0EEBCA21877E3C00F7A487 /* Card.swift in Sources */,
			);
			runOnlyForDeploymentPostprocessing = 0;
		};
/* End PBXSourcesBuildPhase section */

/* Begin PBXVariantGroup section */
		6D05D934210609C800E9EF2E /* Main.storyboard */ = {
			isa = PBXVariantGroup;
			children = (
				6D05D935210609C800E9EF2E /* Base */,
			);
			name = Main.storyboard;
			sourceTree = "<group>";
		};
		6D05D939210609CA00E9EF2E /* LaunchScreen.storyboard */ = {
			isa = PBXVariantGroup;
			children = (
				6D05D93A210609CA00E9EF2E /* Base */,
			);
			name = LaunchScreen.storyboard;
			sourceTree = "<group>";
		};
/* End PBXVariantGroup section */

/* Begin XCBuildConfiguration section */
		6D05D93D210609CA00E9EF2E /* Debug */ = {
			isa = XCBuildConfiguration;
			buildSettings = {
				ALWAYS_SEARCH_USER_PATHS = NO;
				CLANG_ANALYZER_NONNULL = YES;
				CLANG_ANALYZER_NUMBER_OBJECT_CONVERSION = YES_AGGRESSIVE;
				CLANG_CXX_LANGUAGE_STANDARD = "gnu++14";
				CLANG_CXX_LIBRARY = "libc++";
				CLANG_ENABLE_MODULES = YES;
				CLANG_ENABLE_OBJC_ARC = YES;
				CLANG_ENABLE_OBJC_WEAK = YES;
				CLANG_WARN_BLOCK_CAPTURE_AUTORELEASING = YES;
				CLANG_WARN_BOOL_CONVERSION = YES;
				CLANG_WARN_COMMA = YES;
				CLANG_WARN_CONSTANT_CONVERSION = YES;
				CLANG_WARN_DEPRECATED_OBJC_IMPLEMENTATIONS = YES;
				CLANG_WARN_DIRECT_OBJC_ISA_USAGE = YES_ERROR;
				CLANG_WARN_DOCUMENTATION_COMMENTS = YES;
				CLANG_WARN_EMPTY_BODY = YES;
				CLANG_WARN_ENUM_CONVERSION = YES;
				CLANG_WARN_INFINITE_RECURSION = YES;
				CLANG_WARN_INT_CONVERSION = YES;
				CLANG_WARN_NON_LITERAL_NULL_CONVERSION = YES;
				CLANG_WARN_OBJC_IMPLICIT_RETAIN_SELF = YES;
				CLANG_WARN_OBJC_LITERAL_CONVERSION = YES;
				CLANG_WARN_OBJC_ROOT_CLASS = YES_ERROR;
				CLANG_WARN_RANGE_LOOP_ANALYSIS = YES;
				CLANG_WARN_STRICT_PROTOTYPES = YES;
				CLANG_WARN_SUSPICIOUS_MOVE = YES;
				CLANG_WARN_UNGUARDED_AVAILABILITY = YES_AGGRESSIVE;
				CLANG_WARN_UNREACHABLE_CODE = YES;
				CLANG_WARN__DUPLICATE_METHOD_MATCH = YES;
				CODE_SIGN_IDENTITY = "iPhone Developer";
				COPY_PHASE_STRIP = NO;
				DEBUG_INFORMATION_FORMAT = dwarf;
				ENABLE_STRICT_OBJC_MSGSEND = YES;
				ENABLE_TESTABILITY = YES;
				GCC_C_LANGUAGE_STANDARD = gnu11;
				GCC_DYNAMIC_NO_PIC = NO;
				GCC_NO_COMMON_BLOCKS = YES;
				GCC_OPTIMIZATION_LEVEL = 0;
				GCC_PREPROCESSOR_DEFINITIONS = (
					"DEBUG=1",
					"$(inherited)",
				);
				GCC_WARN_64_TO_32_BIT_CONVERSION = YES;
				GCC_WARN_ABOUT_RETURN_TYPE = YES_ERROR;
				GCC_WARN_UNDECLARED_SELECTOR = YES;
				GCC_WARN_UNINITIALIZED_AUTOS = YES_AGGRESSIVE;
				GCC_WARN_UNUSED_FUNCTION = YES;
				GCC_WARN_UNUSED_VARIABLE = YES;
				IPHONEOS_DEPLOYMENT_TARGET = 11.4;
				MTL_ENABLE_DEBUG_INFO = YES;
				ONLY_ACTIVE_ARCH = YES;
				SDKROOT = iphoneos;
				SWIFT_ACTIVE_COMPILATION_CONDITIONS = DEBUG;
				SWIFT_OPTIMIZATION_LEVEL = "-Onone";
			};
			name = Debug;
		};
		6D05D93E210609CA00E9EF2E /* Release */ = {
			isa = XCBuildConfiguration;
			buildSettings = {
				ALWAYS_SEARCH_USER_PATHS = NO;
				CLANG_ANALYZER_NONNULL = YES;
				CLANG_ANALYZER_NUMBER_OBJECT_CONVERSION = YES_AGGRESSIVE;
				CLANG_CXX_LANGUAGE_STANDARD = "gnu++14";
				CLANG_CXX_LIBRARY = "libc++";
				CLANG_ENABLE_MODULES = YES;
				CLANG_ENABLE_OBJC_ARC = YES;
				CLANG_ENABLE_OBJC_WEAK = YES;
				CLANG_WARN_BLOCK_CAPTURE_AUTORELEASING = YES;
				CLANG_WARN_BOOL_CONVERSION = YES;
				CLANG_WARN_COMMA = YES;
				CLANG_WARN_CONSTANT_CONVERSION = YES;
				CLANG_WARN_DEPRECATED_OBJC_IMPLEMENTATIONS = YES;
				CLANG_WARN_DIRECT_OBJC_ISA_USAGE = YES_ERROR;
				CLANG_WARN_DOCUMENTATION_COMMENTS = YES;
				CLANG_WARN_EMPTY_BODY = YES;
				CLANG_WARN_ENUM_CONVERSION = YES;
				CLANG_WARN_INFINITE_RECURSION = YES;
				CLANG_WARN_INT_CONVERSION = YES;
				CLANG_WARN_NON_LITERAL_NULL_CONVERSION = YES;
				CLANG_WARN_OBJC_IMPLICIT_RETAIN_SELF = YES;
				CLANG_WARN_OBJC_LITERAL_CONVERSION = YES;
				CLANG_WARN_OBJC_ROOT_CLASS = YES_ERROR;
				CLANG_WARN_RANGE_LOOP_ANALYSIS = YES;
				CLANG_WARN_STRICT_PROTOTYPES = YES;
				CLANG_WARN_SUSPICIOUS_MOVE = YES;
				CLANG_WARN_UNGUARDED_AVAILABILITY = YES_AGGRESSIVE;
				CLANG_WARN_UNREACHABLE_CODE = YES;
				CLANG_WARN__DUPLICATE_METHOD_MATCH = YES;
				CODE_SIGN_IDENTITY = "iPhone Developer";
				COPY_PHASE_STRIP = NO;
				DEBUG_INFORMATION_FORMAT = "dwarf-with-dsym";
				ENABLE_NS_ASSERTIONS = NO;
				ENABLE_STRICT_OBJC_MSGSEND = YES;
				GCC_C_LANGUAGE_STANDARD = gnu11;
				GCC_NO_COMMON_BLOCKS = YES;
				GCC_WARN_64_TO_32_BIT_CONVERSION = YES;
				GCC_WARN_ABOUT_RETURN_TYPE = YES_ERROR;
				GCC_WARN_UNDECLARED_SELECTOR = YES;
				GCC_WARN_UNINITIALIZED_AUTOS = YES_AGGRESSIVE;
				GCC_WARN_UNUSED_FUNCTION = YES;
				GCC_WARN_UNUSED_VARIABLE = YES;
				IPHONEOS_DEPLOYMENT_TARGET = 11.4;
				MTL_ENABLE_DEBUG_INFO = NO;
				SDKROOT = iphoneos;
				SWIFT_COMPILATION_MODE = wholemodule;
				SWIFT_OPTIMIZATION_LEVEL = "-O";
				VALIDATE_PRODUCT = YES;
			};
			name = Release;
		};
		6D05D940210609CA00E9EF2E /* Debug */ = {
			isa = XCBuildConfiguration;
			buildSettings = {
				ASSETCATALOG_COMPILER_APPICON_NAME = AppIcon;
				CODE_SIGN_STYLE = Automatic;
				INFOPLIST_FILE = Concentration/Info.plist;
				LD_RUNPATH_SEARCH_PATHS = (
					"$(inherited)",
					"@executable_path/Frameworks",
				);
				PRODUCT_BUNDLE_IDENTIFIER = com.anshul.Concentration;
				PRODUCT_NAME = "$(TARGET_NAME)";
				SWIFT_VERSION = 4.2;
				TARGETED_DEVICE_FAMILY = "1,2";
			};
			name = Debug;
		};
		6D05D941210609CA00E9EF2E /* Release */ = {
			isa = XCBuildConfiguration;
			buildSettings = {
				ASSETCATALOG_COMPILER_APPICON_NAME = AppIcon;
				CODE_SIGN_STYLE = Automatic;
				INFOPLIST_FILE = Concentration/Info.plist;
				LD_RUNPATH_SEARCH_PATHS = (
					"$(inherited)",
					"@executable_path/Frameworks",
				);
				PRODUCT_BUNDLE_IDENTIFIER = com.anshul.Concentration;
				PRODUCT_NAME = "$(TARGET_NAME)";
				SWIFT_VERSION = 4.2;
				TARGETED_DEVICE_FAMILY = "1,2";
			};
			name = Release;
		};
/* End XCBuildConfiguration section */

/* Begin XCConfigurationList section */
		6D05D928210609C800E9EF2E /* Build configuration list for PBXProject "Concentration" */ = {
			isa = XCConfigurationList;
			buildConfigurations = (
				6D05D93D210609CA00E9EF2E /* Debug */,
				6D05D93E210609CA00E9EF2E /* Release */,
			);
			defaultConfigurationIsVisible = 0;
			defaultConfigurationName = Release;
		};
		6D05D93F210609CA00E9EF2E /* Build configuration list for PBXNativeTarget "Concentration" */ = {
			isa = XCConfigurationList;
			buildConfigurations = (
				6D05D940210609CA00E9EF2E /* Debug */,
				6D05D941210609CA00E9EF2E /* Release */,
			);
			defaultConfigurationIsVisible = 0;
			defaultConfigurationName = Release;
		};
/* End XCConfigurationList section */
	};
	rootObject = 6D05D925210609C800E9EF2E /* Project object */;
}
